
Microsoft Visual Studio Solution File, Format Version 12.00
# Visual Studio Version 17
VisualStudioVersion = 17.4.33122.133
MinimumVisualStudioVersion = 10.0.40219.1
Project("{FAE04EC0-301F-11D3-BF4B-00C04F79EFBC}") = "NetCoreExtensions", "src\NetCoreExtensions\NetCoreExtensions.csproj", "{069E02BC-8D72-4EA6-8078-2540DDE55480}"
EndProject
Global
	GlobalSection(SolutionConfigurationPlatforms) = preSolution
		Debug|Any CPU = Debug|Any CPU
		Release|Any CPU = Release|Any CPU
	EndGlobalSection
	GlobalSection(ProjectConfigurationPlatforms) = postSolution		
		{069E02BC-8D72-4EA6-8078-2540DDE55480}.Debug|Any CPU.ActiveCfg = Debug|Any CPU
		{069E02BC-8D72-4EA6-8078-2540DDE55480}.Debug|Any CPU.Build.0 = Debug|Any CPU
		{069E02BC-8D72-4EA6-8078-2540DDE55480}.Release|Any CPU.ActiveCfg = Release|Any CPU
		{069E02BC-8D72-4EA6-8078-2540DDE55480}.Release|Any CPU.Build.0 = Release|Any CPU
	EndGlobalSection
	GlobalSection(SolutionProperties) = preSolution
		HideSolutionNode = FALSE
	EndGlobalSection
	GlobalSection(ExtensibilityGlobals) = postSolution
		SolutionGuid = {03463CEE-7928-4777-BD50-03E83D716FE6}
	EndGlobalSection
EndGlobal
